
Microsoft Visual Studio Solution File, Format Version 12.00
# Visual Studio Version 17
VisualStudioVersion = 17.11.35327.3
MinimumVisualStudioVersion = 10.0.40219.1
Project("{FAE04EC0-301F-11D3-BF4B-00C04F79EFBC}") = "Kata", "Kata\Kata.csproj", "{8E795FC7-632C-4F46-BB68-59240A3D0B0C}"
EndProject
Global
	GlobalSection(SolutionConfigurationPlatforms) = preSolution
		Debug|Any CPU = Debug|Any CPU
		Release|Any CPU = Release|Any CPU
	EndGlobalSection
	GlobalSection(ProjectConfigurationPlatforms) = postSolution
		{8E795FC7-632C-4F46-BB68-59240A3D0B0C}.Debug|Any CPU.ActiveCfg = Debug|Any CPU
		{8E795FC7-632C-4F46-BB68-59240A3D0B0C}.Debug|Any CPU.Build.0 = Debug|Any CPU
		{8E795FC7-632C-4F46-BB68-59240A3D0B0C}.Release|Any CPU.ActiveCfg = Release|Any CPU
		{8E795FC7-632C-4F46-BB68-59240A3D0B0C}.Release|Any CPU.Build.0 = Release|Any CPU
	EndGlobalSection
	GlobalSection(SolutionProperties) = preSolution
		HideSolutionNode = FALSE
	EndGlobalSection
	GlobalSection(ExtensibilityGlobals) = postSolution
		SolutionGuid = {63AB6719-AAF9-42E6-A401-29F6B083816F}
	EndGlobalSection
EndGlobal
