
Microsoft Visual Studio Solution File, Format Version 12.00
# Visual Studio Version 17
VisualStudioVersion = 17.11.35327.3
MinimumVisualStudioVersion = 10.0.40219.1
Project("{9A19103F-16F7-4668-BE54-9A1E7A4F7556}") = "Kata.Tests", "Kata.Tests\Kata.Tests.csproj", "{60E3026B-9FAA-428B-BA38-80197282631B}"
EndProject
Project("{FAE04EC0-301F-11D3-BF4B-00C04F79EFBC}") = "Kata", "Kata\Kata.csproj", "{C2271D1E-DAC2-43AF-A53E-C0659A2C0E0C}"
EndProject
Global
	GlobalSection(SolutionConfigurationPlatforms) = preSolution
		Debug|Any CPU = Debug|Any CPU
		Release|Any CPU = Release|Any CPU
	EndGlobalSection
	GlobalSection(ProjectConfigurationPlatforms) = postSolution
		{60E3026B-9FAA-428B-BA38-80197282631B}.Debug|Any CPU.ActiveCfg = Debug|Any CPU
		{60E3026B-9FAA-428B-BA38-80197282631B}.Debug|Any CPU.Build.0 = Debug|Any CPU
		{60E3026B-9FAA-428B-BA38-80197282631B}.Release|Any CPU.ActiveCfg = Release|Any CPU
		{60E3026B-9FAA-428B-BA38-80197282631B}.Release|Any CPU.Build.0 = Release|Any CPU
		{C2271D1E-DAC2-43AF-A53E-C0659A2C0E0C}.Debug|Any CPU.ActiveCfg = Debug|Any CPU
		{C2271D1E-DAC2-43AF-A53E-C0659A2C0E0C}.Debug|Any CPU.Build.0 = Debug|Any CPU
		{C2271D1E-DAC2-43AF-A53E-C0659A2C0E0C}.Release|Any CPU.ActiveCfg = Release|Any CPU
		{C2271D1E-DAC2-43AF-A53E-C0659A2C0E0C}.Release|Any CPU.Build.0 = Release|Any CPU
	EndGlobalSection
	GlobalSection(SolutionProperties) = preSolution
		HideSolutionNode = FALSE
	EndGlobalSection
	GlobalSection(ExtensibilityGlobals) = postSolution
		SolutionGuid = {63AB6719-AAF9-42E6-A401-29F6B083816F}
	EndGlobalSection
EndGlobal
